
Microsoft Visual Studio Solution File, Format Version 12.00
# Visual Studio Version 16
VisualStudioVersion = 16.0.31112.23
MinimumVisualStudioVersion = 10.0.40219.1
Project("{9A19103F-16F7-4668-BE54-9A1E7A4F7556}") = "CS_Intro", "CS_Intro.csproj", "{25228886-D16C-4080-9837-355364900EDC}"
EndProject
Project("{9A19103F-16F7-4668-BE54-9A1E7A4F7556}") = "Matematik", "Matematik\Matematik.csproj", "{94EFA9EA-C76B-4510-9A7E-7695F56F7B62}"
EndProject
Project("{9A19103F-16F7-4668-BE54-9A1E7A4F7556}") = "Methods", "Methods\Methods.csproj", "{07C1E6EF-45FE-43C9-8B4B-E3F135AA0AAA}"
EndProject
Project("{9A19103F-16F7-4668-BE54-9A1E7A4F7556}") = "OOP1", "OOP1\OOP1.csproj", "{870577CB-C812-4493-A008-8DD1744341E3}"
EndProject
Project("{9A19103F-16F7-4668-BE54-9A1E7A4F7556}") = "Collections", "Collections\Collections.csproj", "{9C36DF4B-23C2-4D59-AB94-93D0E83BE543}"
EndProject
Project("{9A19103F-16F7-4668-BE54-9A1E7A4F7556}") = "GenericsIntro", "GenericsIntro\GenericsIntro.csproj", "{C632AC3C-5B80-4E32-9900-E9DE676B4B05}"
EndProject
Project("{9A19103F-16F7-4668-BE54-9A1E7A4F7556}") = "OOP2", "OOP2\OOP2.csproj", "{AB9232E2-2E52-48BB-AF77-BB80F66A280B}"
EndProject
Project("{FAE04EC0-301F-11D3-BF4B-00C04F79EFBC}") = "OOP3", "OOP3\OOP3.csproj", "{91481B64-8D4B-4741-834F-5B11456055A3}"
EndProject
Global
	GlobalSection(SolutionConfigurationPlatforms) = preSolution
		Debug|Any CPU = Debug|Any CPU
		Release|Any CPU = Release|Any CPU
	EndGlobalSection
	GlobalSection(ProjectConfigurationPlatforms) = postSolution
		{25228886-D16C-4080-9837-355364900EDC}.Debug|Any CPU.ActiveCfg = Debug|Any CPU
		{25228886-D16C-4080-9837-355364900EDC}.Debug|Any CPU.Build.0 = Debug|Any CPU
		{25228886-D16C-4080-9837-355364900EDC}.Release|Any CPU.ActiveCfg = Release|Any CPU
		{25228886-D16C-4080-9837-355364900EDC}.Release|Any CPU.Build.0 = Release|Any CPU
		{94EFA9EA-C76B-4510-9A7E-7695F56F7B62}.Debug|Any CPU.ActiveCfg = Debug|Any CPU
		{94EFA9EA-C76B-4510-9A7E-7695F56F7B62}.Debug|Any CPU.Build.0 = Debug|Any CPU
		{94EFA9EA-C76B-4510-9A7E-7695F56F7B62}.Release|Any CPU.ActiveCfg = Release|Any CPU
		{94EFA9EA-C76B-4510-9A7E-7695F56F7B62}.Release|Any CPU.Build.0 = Release|Any CPU
		{07C1E6EF-45FE-43C9-8B4B-E3F135AA0AAA}.Debug|Any CPU.ActiveCfg = Debug|Any CPU
		{07C1E6EF-45FE-43C9-8B4B-E3F135AA0AAA}.Debug|Any CPU.Build.0 = Debug|Any CPU
		{07C1E6EF-45FE-43C9-8B4B-E3F135AA0AAA}.Release|Any CPU.ActiveCfg = Release|Any CPU
		{07C1E6EF-45FE-43C9-8B4B-E3F135AA0AAA}.Release|Any CPU.Build.0 = Release|Any CPU
		{870577CB-C812-4493-A008-8DD1744341E3}.Debug|Any CPU.ActiveCfg = Debug|Any CPU
		{870577CB-C812-4493-A008-8DD1744341E3}.Debug|Any CPU.Build.0 = Debug|Any CPU
		{870577CB-C812-4493-A008-8DD1744341E3}.Release|Any CPU.ActiveCfg = Release|Any CPU
		{870577CB-C812-4493-A008-8DD1744341E3}.Release|Any CPU.Build.0 = Release|Any CPU
		{9C36DF4B-23C2-4D59-AB94-93D0E83BE543}.Debug|Any CPU.ActiveCfg = Debug|Any CPU
		{9C36DF4B-23C2-4D59-AB94-93D0E83BE543}.Debug|Any CPU.Build.0 = Debug|Any CPU
		{9C36DF4B-23C2-4D59-AB94-93D0E83BE543}.Release|Any CPU.ActiveCfg = Release|Any CPU
		{9C36DF4B-23C2-4D59-AB94-93D0E83BE543}.Release|Any CPU.Build.0 = Release|Any CPU
		{C632AC3C-5B80-4E32-9900-E9DE676B4B05}.Debug|Any CPU.ActiveCfg = Debug|Any CPU
		{C632AC3C-5B80-4E32-9900-E9DE676B4B05}.Debug|Any CPU.Build.0 = Debug|Any CPU
		{C632AC3C-5B80-4E32-9900-E9DE676B4B05}.Release|Any CPU.ActiveCfg = Release|Any CPU
		{C632AC3C-5B80-4E32-9900-E9DE676B4B05}.Release|Any CPU.Build.0 = Release|Any CPU
		{AB9232E2-2E52-48BB-AF77-BB80F66A280B}.Debug|Any CPU.ActiveCfg = Debug|Any CPU
		{AB9232E2-2E52-48BB-AF77-BB80F66A280B}.Debug|Any CPU.Build.0 = Debug|Any CPU
		{AB9232E2-2E52-48BB-AF77-BB80F66A280B}.Release|Any CPU.ActiveCfg = Release|Any CPU
		{AB9232E2-2E52-48BB-AF77-BB80F66A280B}.Release|Any CPU.Build.0 = Release|Any CPU
		{91481B64-8D4B-4741-834F-5B11456055A3}.Debug|Any CPU.ActiveCfg = Debug|Any CPU
		{91481B64-8D4B-4741-834F-5B11456055A3}.Debug|Any CPU.Build.0 = Debug|Any CPU
		{91481B64-8D4B-4741-834F-5B11456055A3}.Release|Any CPU.ActiveCfg = Release|Any CPU
		{91481B64-8D4B-4741-834F-5B11456055A3}.Release|Any CPU.Build.0 = Release|Any CPU
	EndGlobalSection
	GlobalSection(SolutionProperties) = preSolution
		HideSolutionNode = FALSE
	EndGlobalSection
	GlobalSection(ExtensibilityGlobals) = postSolution
		SolutionGuid = {5D9B4813-7346-4DA9-B587-8B7B0A2BA3C4}
	EndGlobalSection
EndGlobal
